// !$*UTF8*$!
{
	archiveVersion = 1;
	classes = {
	};
	objectVersion = 50;
	objects = {

/* Begin PBXBuildFile section */
		389EA5A885421E138B3FF4AA /* libPods-ios-objc-fmdb-sqlcipherTests.a in Frameworks */ = {isa = PBXBuildFile; fileRef = CC830DAFEEDE336AD68D817B /* libPods-ios-objc-fmdb-sqlcipherTests.a */; };
		9B3E693126673F10480E945B /* libPods-ios-objc-fmdb-sqlcipherUITests.a in Frameworks */ = {isa = PBXBuildFile; fileRef = 42324410370829735142F51D /* libPods-ios-objc-fmdb-sqlcipherUITests.a */; };
		A2D949E27BF544A47F74AFE7 /* libPods-ios-objc-fmdb-sqlcipher.a in Frameworks */ = {isa = PBXBuildFile; fileRef = D75CB4EEE08C2A66B3E3BDED /* libPods-ios-objc-fmdb-sqlcipher.a */; };
		B60ABEA420F09FAE0041544F /* CompanyMasterTests.m in Sources */ = {isa = PBXBuildFile; fileRef = B60ABEA320F09FAE0041544F /* CompanyMasterTests.m */; };
		B6243A4520F10C030005F7A0 /* SQLCipherMigrator.m in Sources */ = {isa = PBXBuildFile; fileRef = B6243A4420F10C030005F7A0 /* SQLCipherMigrator.m */; };
		B6243A4820F112450005F7A0 /* DBMigrationTests.m in Sources */ = {isa = PBXBuildFile; fileRef = B6243A4720F112450005F7A0 /* DBMigrationTests.m */; };
		B6243A4D20F11EFF0005F7A0 /* plain.sqlite3 in Resources */ = {isa = PBXBuildFile; fileRef = B6243A4C20F11EFF0005F7A0 /* plain.sqlite3 */; };
		B67811B220EFD567000C79BB /* AppDelegate.m in Sources */ = {isa = PBXBuildFile; fileRef = B67811B120EFD567000C79BB /* AppDelegate.m */; };
		B67811B520EFD567000C79BB /* ViewController.m in Sources */ = {isa = PBXBuildFile; fileRef = B67811B420EFD567000C79BB /* ViewController.m */; };
		B67811B820EFD567000C79BB /* Main.storyboard in Resources */ = {isa = PBXBuildFile; fileRef = B67811B620EFD567000C79BB /* Main.storyboard */; };
		B67811BA20EFD568000C79BB /* Assets.xcassets in Resources */ = {isa = PBXBuildFile; fileRef = B67811B920EFD568000C79BB /* Assets.xcassets */; };
		B67811BD20EFD568000C79BB /* LaunchScreen.storyboard in Resources */ = {isa = PBXBuildFile; fileRef = B67811BB20EFD568000C79BB /* LaunchScreen.storyboard */; };
		B67811C020EFD568000C79BB /* main.m in Sources */ = {isa = PBXBuildFile; fileRef = B67811BF20EFD568000C79BB /* main.m */; };
		B67811D520EFD568000C79BB /* ios_objc_fmdb_sqlcipherUITests.m in Sources */ = {isa = PBXBuildFile; fileRef = B67811D420EFD568000C79BB /* ios_objc_fmdb_sqlcipherUITests.m */; };
		B67811E520EFDA74000C79BB /* EncryptedDAO.m in Sources */ = {isa = PBXBuildFile; fileRef = B67811E420EFDA74000C79BB /* EncryptedDAO.m */; };
		B67811F420EFDD6B000C79BB /* NSObject+NullToNil.m in Sources */ = {isa = PBXBuildFile; fileRef = B67811F320EFDD6B000C79BB /* NSObject+NullToNil.m */; };
		B67811F720EFDDD4000C79BB /* SQLiteRequest.m in Sources */ = {isa = PBXBuildFile; fileRef = B67811F620EFDDD4000C79BB /* SQLiteRequest.m */; };
		B67811FA20EFDDFF000C79BB /* SelectResult.m in Sources */ = {isa = PBXBuildFile; fileRef = B67811F920EFDDFF000C79BB /* SelectResult.m */; };
		B67811FD20F070D7000C79BB /* CreatingTablesRepository.m in Sources */ = {isa = PBXBuildFile; fileRef = B67811FC20F070D7000C79BB /* CreatingTablesRepository.m */; };
		B678120020F07618000C79BB /* CompanyMaster.m in Sources */ = {isa = PBXBuildFile; fileRef = B67811FF20F07618000C79BB /* CompanyMaster.m */; };
		B678120320F07658000C79BB /* JobMaster.m in Sources */ = {isa = PBXBuildFile; fileRef = B678120220F07658000C79BB /* JobMaster.m */; };
		B678120720F07B38000C79BB /* CompanyMasterRepository.m in Sources */ = {isa = PBXBuildFile; fileRef = B678120620F07B38000C79BB /* CompanyMasterRepository.m */; };
		B6FFA05C20FA04F400E485ED /* DataAccessError.m in Sources */ = {isa = PBXBuildFile; fileRef = B6FFA05B20FA04F400E485ED /* DataAccessError.m */; };
/* End PBXBuildFile section */

/* Begin PBXContainerItemProxy section */
		B67811C620EFD568000C79BB /* PBXContainerItemProxy */ = {
			isa = PBXContainerItemProxy;
			containerPortal = B67811A520EFD567000C79BB /* Project object */;
			proxyType = 1;
			remoteGlobalIDString = B67811AC20EFD567000C79BB;
			remoteInfo = "ios-objc-fmdb-sqlcipher";
		};
		B67811D120EFD568000C79BB /* PBXContainerItemProxy */ = {
			isa = PBXContainerItemProxy;
			containerPortal = B67811A520EFD567000C79BB /* Project object */;
			proxyType = 1;
			remoteGlobalIDString = B67811AC20EFD567000C79BB;
			remoteInfo = "ios-objc-fmdb-sqlcipher";
		};
/* End PBXContainerItemProxy section */

/* Begin PBXFileReference section */
		1EEE30DA86C4C798FD9173DF /* Pods-ios-objc-fmdb-sqlcipherUITests.debug.xcconfig */ = {isa = PBXFileReference; includeInIndex = 1; lastKnownFileType = text.xcconfig; name = "Pods-ios-objc-fmdb-sqlcipherUITests.debug.xcconfig"; path = "Pods/Target Support Files/Pods-ios-objc-fmdb-sqlcipherUITests/Pods-ios-objc-fmdb-sqlcipherUITests.debug.xcconfig"; sourceTree = "<group>"; };
		307128D73E56B01035C91FE6 /* Pods-ios-objc-fmdb-sqlcipherTests.release.xcconfig */ = {isa = PBXFileReference; includeInIndex = 1; lastKnownFileType = text.xcconfig; name = "Pods-ios-objc-fmdb-sqlcipherTests.release.xcconfig"; path = "Pods/Target Support Files/Pods-ios-objc-fmdb-sqlcipherTests/Pods-ios-objc-fmdb-sqlcipherTests.release.xcconfig"; sourceTree = "<group>"; };
		393061A5CF80247893CB7D00 /* Pods-ios-objc-fmdb-sqlcipher.release.xcconfig */ = {isa = PBXFileReference; includeInIndex = 1; lastKnownFileType = text.xcconfig; name = "Pods-ios-objc-fmdb-sqlcipher.release.xcconfig"; path = "Pods/Target Support Files/Pods-ios-objc-fmdb-sqlcipher/Pods-ios-objc-fmdb-sqlcipher.release.xcconfig"; sourceTree = "<group>"; };
		42324410370829735142F51D /* libPods-ios-objc-fmdb-sqlcipherUITests.a */ = {isa = PBXFileReference; explicitFileType = archive.ar; includeInIndex = 0; path = "libPods-ios-objc-fmdb-sqlcipherUITests.a"; sourceTree = BUILT_PRODUCTS_DIR; };
		5BDCCDE507D1BC66A6C66E3E /* Pods-ios-objc-fmdb-sqlcipher.debug.xcconfig */ = {isa = PBXFileReference; includeInIndex = 1; lastKnownFileType = text.xcconfig; name = "Pods-ios-objc-fmdb-sqlcipher.debug.xcconfig"; path = "Pods/Target Support Files/Pods-ios-objc-fmdb-sqlcipher/Pods-ios-objc-fmdb-sqlcipher.debug.xcconfig"; sourceTree = "<group>"; };
		9C78E3C6F883F45F493117AA /* Pods-ios-objc-fmdb-sqlcipherUITests.release.xcconfig */ = {isa = PBXFileReference; includeInIndex = 1; lastKnownFileType = text.xcconfig; name = "Pods-ios-objc-fmdb-sqlcipherUITests.release.xcconfig"; path = "Pods/Target Support Files/Pods-ios-objc-fmdb-sqlcipherUITests/Pods-ios-objc-fmdb-sqlcipherUITests.release.xcconfig"; sourceTree = "<group>"; };
		B60ABEA320F09FAE0041544F /* CompanyMasterTests.m */ = {isa = PBXFileReference; lastKnownFileType = sourcecode.c.objc; path = CompanyMasterTests.m; sourceTree = "<group>"; };
		B6243A4320F10C030005F7A0 /* SQLCipherMigrator.h */ = {isa = PBXFileReference; lastKnownFileType = sourcecode.c.h; path = SQLCipherMigrator.h; sourceTree = "<group>"; };
		B6243A4420F10C030005F7A0 /* SQLCipherMigrator.m */ = {isa = PBXFileReference; lastKnownFileType = sourcecode.c.objc; path = SQLCipherMigrator.m; sourceTree = "<group>"; };
		B6243A4720F112450005F7A0 /* DBMigrationTests.m */ = {isa = PBXFileReference; lastKnownFileType = sourcecode.c.objc; path = DBMigrationTests.m; sourceTree = "<group>"; };
		B6243A4C20F11EFF0005F7A0 /* plain.sqlite3 */ = {isa = PBXFileReference; lastKnownFileType = file; path = plain.sqlite3; sourceTree = "<group>"; };
		B67811AD20EFD567000C79BB /* ios-objc-fmdb-sqlcipher.app */ = {isa = PBXFileReference; explicitFileType = wrapper.application; includeInIndex = 0; path = "ios-objc-fmdb-sqlcipher.app"; sourceTree = BUILT_PRODUCTS_DIR; };
		B67811B020EFD567000C79BB /* AppDelegate.h */ = {isa = PBXFileReference; lastKnownFileType = sourcecode.c.h; path = AppDelegate.h; sourceTree = "<group>"; };
		B67811B120EFD567000C79BB /* AppDelegate.m */ = {isa = PBXFileReference; lastKnownFileType = sourcecode.c.objc; path = AppDelegate.m; sourceTree = "<group>"; };
		B67811B320EFD567000C79BB /* ViewController.h */ = {isa = PBXFileReference; lastKnownFileType = sourcecode.c.h; path = ViewController.h; sourceTree = "<group>"; };
		B67811B420EFD567000C79BB /* ViewController.m */ = {isa = PBXFileReference; lastKnownFileType = sourcecode.c.objc; path = ViewController.m; sourceTree = "<group>"; };
		B67811B720EFD567000C79BB /* Base */ = {isa = PBXFileReference; lastKnownFileType = file.storyboard; name = Base; path = Base.lproj/Main.storyboard; sourceTree = "<group>"; };
		B67811B920EFD568000C79BB /* Assets.xcassets */ = {isa = PBXFileReference; lastKnownFileType = folder.assetcatalog; path = Assets.xcassets; sourceTree = "<group>"; };
		B67811BC20EFD568000C79BB /* Base */ = {isa = PBXFileReference; lastKnownFileType = file.storyboard; name = Base; path = Base.lproj/LaunchScreen.storyboard; sourceTree = "<group>"; };
		B67811BE20EFD568000C79BB /* Info.plist */ = {isa = PBXFileReference; lastKnownFileType = text.plist.xml; path = Info.plist; sourceTree = "<group>"; };
		B67811BF20EFD568000C79BB /* main.m */ = {isa = PBXFileReference; lastKnownFileType = sourcecode.c.objc; path = main.m; sourceTree = "<group>"; };
		B67811C520EFD568000C79BB /* ios-objc-fmdb-sqlcipherTests.xctest */ = {isa = PBXFileReference; explicitFileType = wrapper.cfbundle; includeInIndex = 0; path = "ios-objc-fmdb-sqlcipherTests.xctest"; sourceTree = BUILT_PRODUCTS_DIR; };
		B67811CB20EFD568000C79BB /* Info.plist */ = {isa = PBXFileReference; lastKnownFileType = text.plist.xml; path = Info.plist; sourceTree = "<group>"; };
		B67811D020EFD568000C79BB /* ios-objc-fmdb-sqlcipherUITests.xctest */ = {isa = PBXFileReference; explicitFileType = wrapper.cfbundle; includeInIndex = 0; path = "ios-objc-fmdb-sqlcipherUITests.xctest"; sourceTree = BUILT_PRODUCTS_DIR; };
		B67811D420EFD568000C79BB /* ios_objc_fmdb_sqlcipherUITests.m */ = {isa = PBXFileReference; lastKnownFileType = sourcecode.c.objc; path = ios_objc_fmdb_sqlcipherUITests.m; sourceTree = "<group>"; };
		B67811D620EFD568000C79BB /* Info.plist */ = {isa = PBXFileReference; lastKnownFileType = text.plist.xml; path = Info.plist; sourceTree = "<group>"; };
		B67811E320EFDA74000C79BB /* EncryptedDAO.h */ = {isa = PBXFileReference; lastKnownFileType = sourcecode.c.h; path = EncryptedDAO.h; sourceTree = "<group>"; };
		B67811E420EFDA74000C79BB /* EncryptedDAO.m */ = {isa = PBXFileReference; lastKnownFileType = sourcecode.c.objc; path = EncryptedDAO.m; sourceTree = "<group>"; };
		B67811E820EFDAD3000C79BB /* FMResultSetInitializable.h */ = {isa = PBXFileReference; lastKnownFileType = sourcecode.c.h; path = FMResultSetInitializable.h; sourceTree = "<group>"; };
		B67811E920EFDB1C000C79BB /* TableModel.h */ = {isa = PBXFileReference; lastKnownFileType = sourcecode.c.h; path = TableModel.h; sourceTree = "<group>"; };
		B67811F220EFDD6B000C79BB /* NSObject+NullToNil.h */ = {isa = PBXFileReference; lastKnownFileType = sourcecode.c.h; path = "NSObject+NullToNil.h"; sourceTree = "<group>"; };
		B67811F320EFDD6B000C79BB /* NSObject+NullToNil.m */ = {isa = PBXFileReference; lastKnownFileType = sourcecode.c.objc; path = "NSObject+NullToNil.m"; sourceTree = "<group>"; };
		B67811F520EFDDD4000C79BB /* SQLiteRequest.h */ = {isa = PBXFileReference; lastKnownFileType = sourcecode.c.h; path = SQLiteRequest.h; sourceTree = "<group>"; };
		B67811F620EFDDD4000C79BB /* SQLiteRequest.m */ = {isa = PBXFileReference; lastKnownFileType = sourcecode.c.objc; path = SQLiteRequest.m; sourceTree = "<group>"; };
		B67811F820EFDDFF000C79BB /* SelectResult.h */ = {isa = PBXFileReference; lastKnownFileType = sourcecode.c.h; path = SelectResult.h; sourceTree = "<group>"; };
		B67811F920EFDDFF000C79BB /* SelectResult.m */ = {isa = PBXFileReference; lastKnownFileType = sourcecode.c.objc; path = SelectResult.m; sourceTree = "<group>"; };
		B67811FB20F070D7000C79BB /* CreatingTablesRepository.h */ = {isa = PBXFileReference; lastKnownFileType = sourcecode.c.h; path = CreatingTablesRepository.h; sourceTree = "<group>"; };
		B67811FC20F070D7000C79BB /* CreatingTablesRepository.m */ = {isa = PBXFileReference; lastKnownFileType = sourcecode.c.objc; path = CreatingTablesRepository.m; sourceTree = "<group>"; };
		B67811FE20F07618000C79BB /* CompanyMaster.h */ = {isa = PBXFileReference; lastKnownFileType = sourcecode.c.h; path = CompanyMaster.h; sourceTree = "<group>"; };
		B67811FF20F07618000C79BB /* CompanyMaster.m */ = {isa = PBXFileReference; lastKnownFileType = sourcecode.c.objc; path = CompanyMaster.m; sourceTree = "<group>"; };
		B678120120F07658000C79BB /* JobMaster.h */ = {isa = PBXFileReference; lastKnownFileType = sourcecode.c.h; path = JobMaster.h; sourceTree = "<group>"; };
		B678120220F07658000C79BB /* JobMaster.m */ = {isa = PBXFileReference; lastKnownFileType = sourcecode.c.objc; path = JobMaster.m; sourceTree = "<group>"; };
		B678120520F07B38000C79BB /* CompanyMasterRepository.h */ = {isa = PBXFileReference; lastKnownFileType = sourcecode.c.h; path = CompanyMasterRepository.h; sourceTree = "<group>"; };
		B678120620F07B38000C79BB /* CompanyMasterRepository.m */ = {isa = PBXFileReference; lastKnownFileType = sourcecode.c.objc; path = CompanyMasterRepository.m; sourceTree = "<group>"; };
		B6FFA05A20FA04F400E485ED /* DataAccessError.h */ = {isa = PBXFileReference; lastKnownFileType = sourcecode.c.h; path = DataAccessError.h; sourceTree = "<group>"; };
		B6FFA05B20FA04F400E485ED /* DataAccessError.m */ = {isa = PBXFileReference; lastKnownFileType = sourcecode.c.objc; path = DataAccessError.m; sourceTree = "<group>"; };
		CC830DAFEEDE336AD68D817B /* libPods-ios-objc-fmdb-sqlcipherTests.a */ = {isa = PBXFileReference; explicitFileType = archive.ar; includeInIndex = 0; path = "libPods-ios-objc-fmdb-sqlcipherTests.a"; sourceTree = BUILT_PRODUCTS_DIR; };
		D75CB4EEE08C2A66B3E3BDED /* libPods-ios-objc-fmdb-sqlcipher.a */ = {isa = PBXFileReference; explicitFileType = archive.ar; includeInIndex = 0; path = "libPods-ios-objc-fmdb-sqlcipher.a"; sourceTree = BUILT_PRODUCTS_DIR; };
		E67438424DA05FBE054B9B72 /* Pods-ios-objc-fmdb-sqlcipherTests.debug.xcconfig */ = {isa = PBXFileReference; includeInIndex = 1; lastKnownFileType = text.xcconfig; name = "Pods-ios-objc-fmdb-sqlcipherTests.debug.xcconfig"; path = "Pods/Target Support Files/Pods-ios-objc-fmdb-sqlcipherTests/Pods-ios-objc-fmdb-sqlcipherTests.debug.xcconfig"; sourceTree = "<group>"; };
/* End PBXFileReference section */

/* Begin PBXFrameworksBuildPhase section */
		B67811AA20EFD567000C79BB /* Frameworks */ = {
			isa = PBXFrameworksBuildPhase;
			buildActionMask = 2147483647;
			files = (
				A2D949E27BF544A47F74AFE7 /* libPods-ios-objc-fmdb-sqlcipher.a in Frameworks */,
			);
			runOnlyForDeploymentPostprocessing = 0;
		};
		B67811C220EFD568000C79BB /* Frameworks */ = {
			isa = PBXFrameworksBuildPhase;
			buildActionMask = 2147483647;
			files = (
				389EA5A885421E138B3FF4AA /* libPods-ios-objc-fmdb-sqlcipherTests.a in Frameworks */,
			);
			runOnlyForDeploymentPostprocessing = 0;
		};
		B67811CD20EFD568000C79BB /* Frameworks */ = {
			isa = PBXFrameworksBuildPhase;
			buildActionMask = 2147483647;
			files = (
				9B3E693126673F10480E945B /* libPods-ios-objc-fmdb-sqlcipherUITests.a in Frameworks */,
			);
			runOnlyForDeploymentPostprocessing = 0;
		};
/* End PBXFrameworksBuildPhase section */

/* Begin PBXGroup section */
		9E207EA59817DB97E596C102 /* Pods */ = {
			isa = PBXGroup;
			children = (
				5BDCCDE507D1BC66A6C66E3E /* Pods-ios-objc-fmdb-sqlcipher.debug.xcconfig */,
				393061A5CF80247893CB7D00 /* Pods-ios-objc-fmdb-sqlcipher.release.xcconfig */,
				E67438424DA05FBE054B9B72 /* Pods-ios-objc-fmdb-sqlcipherTests.debug.xcconfig */,
				307128D73E56B01035C91FE6 /* Pods-ios-objc-fmdb-sqlcipherTests.release.xcconfig */,
				1EEE30DA86C4C798FD9173DF /* Pods-ios-objc-fmdb-sqlcipherUITests.debug.xcconfig */,
				9C78E3C6F883F45F493117AA /* Pods-ios-objc-fmdb-sqlcipherUITests.release.xcconfig */,
			);
			name = Pods;
			sourceTree = "<group>";
		};
		B60ABEA220F09F9B0041544F /* Models */ = {
			isa = PBXGroup;
			children = (
				B60ABEA320F09FAE0041544F /* CompanyMasterTests.m */,
			);
			path = Models;
			sourceTree = "<group>";
		};
		B6243A4620F111F20005F7A0 /* Helpers */ = {
			isa = PBXGroup;
			children = (
				B6243A4720F112450005F7A0 /* DBMigrationTests.m */,
			);
			path = Helpers;
			sourceTree = "<group>";
		};
		B6243A4920F119AF0005F7A0 /* Resources */ = {
			isa = PBXGroup;
			children = (
				B6243A4C20F11EFF0005F7A0 /* plain.sqlite3 */,
			);
			path = Resources;
			sourceTree = "<group>";
		};
		B67811A420EFD567000C79BB = {
			isa = PBXGroup;
			children = (
				B67811AF20EFD567000C79BB /* ios-objc-fmdb-sqlcipher */,
				B67811C820EFD568000C79BB /* ios-objc-fmdb-sqlcipherTests */,
				B67811D320EFD568000C79BB /* ios-objc-fmdb-sqlcipherUITests */,
				B67811AE20EFD567000C79BB /* Products */,
				9E207EA59817DB97E596C102 /* Pods */,
				F23C84833073B611BCE737F4 /* Frameworks */,
			);
			sourceTree = "<group>";
		};
		B67811AE20EFD567000C79BB /* Products */ = {
			isa = PBXGroup;
			children = (
				B67811AD20EFD567000C79BB /* ios-objc-fmdb-sqlcipher.app */,
				B67811C520EFD568000C79BB /* ios-objc-fmdb-sqlcipherTests.xctest */,
				B67811D020EFD568000C79BB /* ios-objc-fmdb-sqlcipherUITests.xctest */,
			);
			name = Products;
			sourceTree = "<group>";
		};
		B67811AF20EFD567000C79BB /* ios-objc-fmdb-sqlcipher */ = {
			isa = PBXGroup;
			children = (
				B67811F020EFDD46000C79BB /* Categories */,
				B67811E220EFDA15000C79BB /* Helpers */,
				B67811E620EFDAAC000C79BB /* Models */,
				B6243A4920F119AF0005F7A0 /* Resources */,
				B67811B020EFD567000C79BB /* AppDelegate.h */,
				B67811B120EFD567000C79BB /* AppDelegate.m */,
				B67811B320EFD567000C79BB /* ViewController.h */,
				B67811B420EFD567000C79BB /* ViewController.m */,
				B67811B620EFD567000C79BB /* Main.storyboard */,
				B67811B920EFD568000C79BB /* Assets.xcassets */,
				B67811BB20EFD568000C79BB /* LaunchScreen.storyboard */,
				B67811BE20EFD568000C79BB /* Info.plist */,
				B67811BF20EFD568000C79BB /* main.m */,
			);
			path = "ios-objc-fmdb-sqlcipher";
			sourceTree = "<group>";
		};
		B67811C820EFD568000C79BB /* ios-objc-fmdb-sqlcipherTests */ = {
			isa = PBXGroup;
			children = (
				B6243A4620F111F20005F7A0 /* Helpers */,
				B60ABEA220F09F9B0041544F /* Models */,
				B67811CB20EFD568000C79BB /* Info.plist */,
			);
			path = "ios-objc-fmdb-sqlcipherTests";
			sourceTree = "<group>";
		};
		B67811D320EFD568000C79BB /* ios-objc-fmdb-sqlcipherUITests */ = {
			isa = PBXGroup;
			children = (
				B67811D420EFD568000C79BB /* ios_objc_fmdb_sqlcipherUITests.m */,
				B67811D620EFD568000C79BB /* Info.plist */,
			);
			path = "ios-objc-fmdb-sqlcipherUITests";
			sourceTree = "<group>";
		};
		B67811E220EFDA15000C79BB /* Helpers */ = {
			isa = PBXGroup;
			children = (
				B6243A4320F10C030005F7A0 /* SQLCipherMigrator.h */,
				B6243A4420F10C030005F7A0 /* SQLCipherMigrator.m */,
				B67811E320EFDA74000C79BB /* EncryptedDAO.h */,
				B67811E420EFDA74000C79BB /* EncryptedDAO.m */,
			);
			path = Helpers;
			sourceTree = "<group>";
		};
		B67811E620EFDAAC000C79BB /* Models */ = {
			isa = PBXGroup;
			children = (
				B6FFA05920FA042900E485ED /* Error */,
				B6FFA05720FA00B100E485ED /* DTO */,
				B6FFA05620F9FFCB00E485ED /* Enum */,
				B67811E720EFDAB5000C79BB /* Protocol */,
				B678120420F07B1C000C79BB /* Repository */,
				B67811F520EFDDD4000C79BB /* SQLiteRequest.h */,
				B67811F620EFDDD4000C79BB /* SQLiteRequest.m */,
				B67811F820EFDDFF000C79BB /* SelectResult.h */,
				B67811F920EFDDFF000C79BB /* SelectResult.m */,
			);
			path = Models;
			sourceTree = "<group>";
		};
		B67811E720EFDAB5000C79BB /* Protocol */ = {
			isa = PBXGroup;
			children = (
				B67811E820EFDAD3000C79BB /* FMResultSetInitializable.h */,
			);
			path = Protocol;
			sourceTree = "<group>";
		};
		B67811F020EFDD46000C79BB /* Categories */ = {
			isa = PBXGroup;
			children = (
				B67811F120EFDD56000C79BB /* Foundation */,
			);
			path = Categories;
			sourceTree = "<group>";
		};
		B67811F120EFDD56000C79BB /* Foundation */ = {
			isa = PBXGroup;
			children = (
				B67811F220EFDD6B000C79BB /* NSObject+NullToNil.h */,
				B67811F320EFDD6B000C79BB /* NSObject+NullToNil.m */,
			);
			path = Foundation;
			sourceTree = "<group>";
		};
		B678120420F07B1C000C79BB /* Repository */ = {
			isa = PBXGroup;
			children = (
				B67811FB20F070D7000C79BB /* CreatingTablesRepository.h */,
				B67811FC20F070D7000C79BB /* CreatingTablesRepository.m */,
				B678120520F07B38000C79BB /* CompanyMasterRepository.h */,
				B678120620F07B38000C79BB /* CompanyMasterRepository.m */,
			);
			path = Repository;
			sourceTree = "<group>";
		};
		B6FFA05620F9FFCB00E485ED /* Enum */ = {
			isa = PBXGroup;
			children = (
				B67811E920EFDB1C000C79BB /* TableModel.h */,
			);
			path = Enum;
			sourceTree = "<group>";
		};
		B6FFA05720FA00B100E485ED /* DTO */ = {
			isa = PBXGroup;
			children = (
				B67811FE20F07618000C79BB /* CompanyMaster.h */,
				B67811FF20F07618000C79BB /* CompanyMaster.m */,
				B678120120F07658000C79BB /* JobMaster.h */,
				B678120220F07658000C79BB /* JobMaster.m */,
			);
			path = DTO;
			sourceTree = "<group>";
		};
		B6FFA05920FA042900E485ED /* Error */ = {
			isa = PBXGroup;
			children = (
				B6FFA05A20FA04F400E485ED /* DataAccessError.h */,
				B6FFA05B20FA04F400E485ED /* DataAccessError.m */,
			);
			path = Error;
			sourceTree = "<group>";
		};
		F23C84833073B611BCE737F4 /* Frameworks */ = {
			isa = PBXGroup;
			children = (
				D75CB4EEE08C2A66B3E3BDED /* libPods-ios-objc-fmdb-sqlcipher.a */,
				CC830DAFEEDE336AD68D817B /* libPods-ios-objc-fmdb-sqlcipherTests.a */,
				42324410370829735142F51D /* libPods-ios-objc-fmdb-sqlcipherUITests.a */,
			);
			name = Frameworks;
			sourceTree = "<group>";
		};
/* End PBXGroup section */

/* Begin PBXNativeTarget section */
		B67811AC20EFD567000C79BB /* ios-objc-fmdb-sqlcipher */ = {
			isa = PBXNativeTarget;
			buildConfigurationList = B67811D920EFD568000C79BB /* Build configuration list for PBXNativeTarget "ios-objc-fmdb-sqlcipher" */;
			buildPhases = (
				6C23EC3789C43B3B47277412 /* [CP] Check Pods Manifest.lock */,
				B67811A920EFD567000C79BB /* Sources */,
				B67811AA20EFD567000C79BB /* Frameworks */,
				B67811AB20EFD567000C79BB /* Resources */,
			);
			buildRules = (
			);
			dependencies = (
			);
			name = "ios-objc-fmdb-sqlcipher";
			productName = "ios-objc-fmdb-sqlcipher";
			productReference = B67811AD20EFD567000C79BB /* ios-objc-fmdb-sqlcipher.app */;
			productType = "com.apple.product-type.application";
		};
		B67811C420EFD568000C79BB /* ios-objc-fmdb-sqlcipherTests */ = {
			isa = PBXNativeTarget;
			buildConfigurationList = B67811DC20EFD568000C79BB /* Build configuration list for PBXNativeTarget "ios-objc-fmdb-sqlcipherTests" */;
			buildPhases = (
				AE0E3E9551E3794EFAE05751 /* [CP] Check Pods Manifest.lock */,
				B67811C120EFD568000C79BB /* Sources */,
				B67811C220EFD568000C79BB /* Frameworks */,
				B67811C320EFD568000C79BB /* Resources */,
			);
			buildRules = (
			);
			dependencies = (
				B67811C720EFD568000C79BB /* PBXTargetDependency */,
			);
			name = "ios-objc-fmdb-sqlcipherTests";
			productName = "ios-objc-fmdb-sqlcipherTests";
			productReference = B67811C520EFD568000C79BB /* ios-objc-fmdb-sqlcipherTests.xctest */;
			productType = "com.apple.product-type.bundle.unit-test";
		};
		B67811CF20EFD568000C79BB /* ios-objc-fmdb-sqlcipherUITests */ = {
			isa = PBXNativeTarget;
			buildConfigurationList = B67811DF20EFD568000C79BB /* Build configuration list for PBXNativeTarget "ios-objc-fmdb-sqlcipherUITests" */;
			buildPhases = (
				6FAB60A92C6ACAB15281F8EA /* [CP] Check Pods Manifest.lock */,
				B67811CC20EFD568000C79BB /* Sources */,
				B67811CD20EFD568000C79BB /* Frameworks */,
				B67811CE20EFD568000C79BB /* Resources */,
			);
			buildRules = (
			);
			dependencies = (
				B67811D220EFD568000C79BB /* PBXTargetDependency */,
			);
			name = "ios-objc-fmdb-sqlcipherUITests";
			productName = "ios-objc-fmdb-sqlcipherUITests";
			productReference = B67811D020EFD568000C79BB /* ios-objc-fmdb-sqlcipherUITests.xctest */;
			productType = "com.apple.product-type.bundle.ui-testing";
		};
/* End PBXNativeTarget section */

/* Begin PBXProject section */
		B67811A520EFD567000C79BB /* Project object */ = {
			isa = PBXProject;
			attributes = {
				LastUpgradeCheck = 1000;
				ORGANIZATIONNAME = YukiOkudera;
				TargetAttributes = {
					B67811AC20EFD567000C79BB = {
						CreatedOnToolsVersion = 10.0;
					};
					B67811C420EFD568000C79BB = {
						CreatedOnToolsVersion = 10.0;
						TestTargetID = B67811AC20EFD567000C79BB;
					};
					B67811CF20EFD568000C79BB = {
						CreatedOnToolsVersion = 10.0;
						TestTargetID = B67811AC20EFD567000C79BB;
					};
				};
			};
			buildConfigurationList = B67811A820EFD567000C79BB /* Build configuration list for PBXProject "ios-objc-fmdb-sqlcipher" */;
			compatibilityVersion = "Xcode 9.3";
			developmentRegion = en;
			hasScannedForEncodings = 0;
			knownRegions = (
				en,
				Base,
			);
			mainGroup = B67811A420EFD567000C79BB;
			productRefGroup = B67811AE20EFD567000C79BB /* Products */;
			projectDirPath = "";
			projectRoot = "";
			targets = (
				B67811AC20EFD567000C79BB /* ios-objc-fmdb-sqlcipher */,
				B67811C420EFD568000C79BB /* ios-objc-fmdb-sqlcipherTests */,
				B67811CF20EFD568000C79BB /* ios-objc-fmdb-sqlcipherUITests */,
			);
		};
/* End PBXProject section */

/* Begin PBXResourcesBuildPhase section */
		B67811AB20EFD567000C79BB /* Resources */ = {
			isa = PBXResourcesBuildPhase;
			buildActionMask = 2147483647;
			files = (
				B6243A4D20F11EFF0005F7A0 /* plain.sqlite3 in Resources */,
				B67811BD20EFD568000C79BB /* LaunchScreen.storyboard in Resources */,
				B67811BA20EFD568000C79BB /* Assets.xcassets in Resources */,
				B67811B820EFD567000C79BB /* Main.storyboard in Resources */,
			);
			runOnlyForDeploymentPostprocessing = 0;
		};
		B67811C320EFD568000C79BB /* Resources */ = {
			isa = PBXResourcesBuildPhase;
			buildActionMask = 2147483647;
			files = (
			);
			runOnlyForDeploymentPostprocessing = 0;
		};
		B67811CE20EFD568000C79BB /* Resources */ = {
			isa = PBXResourcesBuildPhase;
			buildActionMask = 2147483647;
			files = (
			);
			runOnlyForDeploymentPostprocessing = 0;
		};
/* End PBXResourcesBuildPhase section */

/* Begin PBXShellScriptBuildPhase section */
		6C23EC3789C43B3B47277412 /* [CP] Check Pods Manifest.lock */ = {
			isa = PBXShellScriptBuildPhase;
			buildActionMask = 2147483647;
			files = (
			);
			inputPaths = (
				"${PODS_PODFILE_DIR_PATH}/Podfile.lock",
				"${PODS_ROOT}/Manifest.lock",
			);
			name = "[CP] Check Pods Manifest.lock";
			outputPaths = (
				"$(DERIVED_FILE_DIR)/Pods-ios-objc-fmdb-sqlcipher-checkManifestLockResult.txt",
			);
			runOnlyForDeploymentPostprocessing = 0;
			shellPath = /bin/sh;
			shellScript = "diff \"${PODS_PODFILE_DIR_PATH}/Podfile.lock\" \"${PODS_ROOT}/Manifest.lock\" > /dev/null\nif [ $? != 0 ] ; then\n    # print error to STDERR\n    echo \"error: The sandbox is not in sync with the Podfile.lock. Run 'pod install' or update your CocoaPods installation.\" >&2\n    exit 1\nfi\n# This output is used by Xcode 'outputs' to avoid re-running this script phase.\necho \"SUCCESS\" > \"${SCRIPT_OUTPUT_FILE_0}\"\n";
			showEnvVarsInLog = 0;
		};
		6FAB60A92C6ACAB15281F8EA /* [CP] Check Pods Manifest.lock */ = {
			isa = PBXShellScriptBuildPhase;
			buildActionMask = 2147483647;
			files = (
			);
			inputPaths = (
				"${PODS_PODFILE_DIR_PATH}/Podfile.lock",
				"${PODS_ROOT}/Manifest.lock",
			);
			name = "[CP] Check Pods Manifest.lock";
			outputPaths = (
				"$(DERIVED_FILE_DIR)/Pods-ios-objc-fmdb-sqlcipherUITests-checkManifestLockResult.txt",
			);
			runOnlyForDeploymentPostprocessing = 0;
			shellPath = /bin/sh;
			shellScript = "diff \"${PODS_PODFILE_DIR_PATH}/Podfile.lock\" \"${PODS_ROOT}/Manifest.lock\" > /dev/null\nif [ $? != 0 ] ; then\n    # print error to STDERR\n    echo \"error: The sandbox is not in sync with the Podfile.lock. Run 'pod install' or update your CocoaPods installation.\" >&2\n    exit 1\nfi\n# This output is used by Xcode 'outputs' to avoid re-running this script phase.\necho \"SUCCESS\" > \"${SCRIPT_OUTPUT_FILE_0}\"\n";
			showEnvVarsInLog = 0;
		};
		AE0E3E9551E3794EFAE05751 /* [CP] Check Pods Manifest.lock */ = {
			isa = PBXShellScriptBuildPhase;
			buildActionMask = 2147483647;
			files = (
			);
			inputPaths = (
				"${PODS_PODFILE_DIR_PATH}/Podfile.lock",
				"${PODS_ROOT}/Manifest.lock",
			);
			name = "[CP] Check Pods Manifest.lock";
			outputPaths = (
				"$(DERIVED_FILE_DIR)/Pods-ios-objc-fmdb-sqlcipherTests-checkManifestLockResult.txt",
			);
			runOnlyForDeploymentPostprocessing = 0;
			shellPath = /bin/sh;
			shellScript = "diff \"${PODS_PODFILE_DIR_PATH}/Podfile.lock\" \"${PODS_ROOT}/Manifest.lock\" > /dev/null\nif [ $? != 0 ] ; then\n    # print error to STDERR\n    echo \"error: The sandbox is not in sync with the Podfile.lock. Run 'pod install' or update your CocoaPods installation.\" >&2\n    exit 1\nfi\n# This output is used by Xcode 'outputs' to avoid re-running this script phase.\necho \"SUCCESS\" > \"${SCRIPT_OUTPUT_FILE_0}\"\n";
			showEnvVarsInLog = 0;
		};
/* End PBXShellScriptBuildPhase section */

/* Begin PBXSourcesBuildPhase section */
		B67811A920EFD567000C79BB /* Sources */ = {
			isa = PBXSourcesBuildPhase;
			buildActionMask = 2147483647;
			files = (
				B67811F420EFDD6B000C79BB /* NSObject+NullToNil.m in Sources */,
				B67811FA20EFDDFF000C79BB /* SelectResult.m in Sources */,
				B678120720F07B38000C79BB /* CompanyMasterRepository.m in Sources */,
				B67811B520EFD567000C79BB /* ViewController.m in Sources */,
				B678120020F07618000C79BB /* CompanyMaster.m in Sources */,
				B678120320F07658000C79BB /* JobMaster.m in Sources */,
				B67811C020EFD568000C79BB /* main.m in Sources */,
				B67811F720EFDDD4000C79BB /* SQLiteRequest.m in Sources */,
				B6FFA05C20FA04F400E485ED /* DataAccessError.m in Sources */,
				B67811FD20F070D7000C79BB /* CreatingTablesRepository.m in Sources */,
				B6243A4520F10C030005F7A0 /* SQLCipherMigrator.m in Sources */,
				B67811B220EFD567000C79BB /* AppDelegate.m in Sources */,
				B67811E520EFDA74000C79BB /* EncryptedDAO.m in Sources */,
			);
			runOnlyForDeploymentPostprocessing = 0;
		};
		B67811C120EFD568000C79BB /* Sources */ = {
			isa = PBXSourcesBuildPhase;
			buildActionMask = 2147483647;
			files = (
				B6243A4820F112450005F7A0 /* DBMigrationTests.m in Sources */,
				B60ABEA420F09FAE0041544F /* CompanyMasterTests.m in Sources */,
			);
			runOnlyForDeploymentPostprocessing = 0;
		};
		B67811CC20EFD568000C79BB /* Sources */ = {
			isa = PBXSourcesBuildPhase;
			buildActionMask = 2147483647;
			files = (
				B67811D520EFD568000C79BB /* ios_objc_fmdb_sqlcipherUITests.m in Sources */,
			);
			runOnlyForDeploymentPostprocessing = 0;
		};
/* End PBXSourcesBuildPhase section */

/* Begin PBXTargetDependency section */
		B67811C720EFD568000C79BB /* PBXTargetDependency */ = {
			isa = PBXTargetDependency;
			target = B67811AC20EFD567000C79BB /* ios-objc-fmdb-sqlcipher */;
			targetProxy = B67811C620EFD568000C79BB /* PBXContainerItemProxy */;
		};
		B67811D220EFD568000C79BB /* PBXTargetDependency */ = {
			isa = PBXTargetDependency;
			target = B67811AC20EFD567000C79BB /* ios-objc-fmdb-sqlcipher */;
			targetProxy = B67811D120EFD568000C79BB /* PBXContainerItemProxy */;
		};
/* End PBXTargetDependency section */

/* Begin PBXVariantGroup section */
		B67811B620EFD567000C79BB /* Main.storyboard */ = {
			isa = PBXVariantGroup;
			children = (
				B67811B720EFD567000C79BB /* Base */,
			);
			name = Main.storyboard;
			sourceTree = "<group>";
		};
		B67811BB20EFD568000C79BB /* LaunchScreen.storyboard */ = {
			isa = PBXVariantGroup;
			children = (
				B67811BC20EFD568000C79BB /* Base */,
			);
			name = LaunchScreen.storyboard;
			sourceTree = "<group>";
		};
/* End PBXVariantGroup section */

/* Begin XCBuildConfiguration section */
		B67811D720EFD568000C79BB /* Debug */ = {
			isa = XCBuildConfiguration;
			buildSettings = {
				ALWAYS_SEARCH_USER_PATHS = NO;
				CLANG_ANALYZER_NONNULL = YES;
				CLANG_ANALYZER_NUMBER_OBJECT_CONVERSION = YES_AGGRESSIVE;
				CLANG_CXX_LANGUAGE_STANDARD = "gnu++14";
				CLANG_CXX_LIBRARY = "libc++";
				CLANG_ENABLE_MODULES = YES;
				CLANG_ENABLE_OBJC_ARC = YES;
				CLANG_ENABLE_OBJC_WEAK = YES;
				CLANG_WARN_BLOCK_CAPTURE_AUTORELEASING = YES;
				CLANG_WARN_BOOL_CONVERSION = YES;
				CLANG_WARN_COMMA = YES;
				CLANG_WARN_CONSTANT_CONVERSION = YES;
				CLANG_WARN_DEPRECATED_OBJC_IMPLEMENTATIONS = YES;
				CLANG_WARN_DIRECT_OBJC_ISA_USAGE = YES_ERROR;
				CLANG_WARN_DOCUMENTATION_COMMENTS = YES;
				CLANG_WARN_EMPTY_BODY = YES;
				CLANG_WARN_ENUM_CONVERSION = YES;
				CLANG_WARN_INFINITE_RECURSION = YES;
				CLANG_WARN_INT_CONVERSION = YES;
				CLANG_WARN_NON_LITERAL_NULL_CONVERSION = YES;
				CLANG_WARN_OBJC_IMPLICIT_RETAIN_SELF = YES;
				CLANG_WARN_OBJC_LITERAL_CONVERSION = YES;
				CLANG_WARN_OBJC_ROOT_CLASS = YES_ERROR;
				CLANG_WARN_RANGE_LOOP_ANALYSIS = YES;
				CLANG_WARN_STRICT_PROTOTYPES = YES;
				CLANG_WARN_SUSPICIOUS_MOVE = YES;
				CLANG_WARN_UNGUARDED_AVAILABILITY = YES_AGGRESSIVE;
				CLANG_WARN_UNREACHABLE_CODE = YES;
				CLANG_WARN__DUPLICATE_METHOD_MATCH = YES;
				CODE_SIGN_IDENTITY = "iPhone Developer";
				COPY_PHASE_STRIP = NO;
				DEBUG_INFORMATION_FORMAT = dwarf;
				ENABLE_STRICT_OBJC_MSGSEND = YES;
				ENABLE_TESTABILITY = YES;
				GCC_C_LANGUAGE_STANDARD = gnu11;
				GCC_DYNAMIC_NO_PIC = NO;
				GCC_NO_COMMON_BLOCKS = YES;
				GCC_OPTIMIZATION_LEVEL = 0;
				GCC_PREPROCESSOR_DEFINITIONS = (
					"DEBUG=1",
					"$(inherited)",
				);
				GCC_WARN_64_TO_32_BIT_CONVERSION = YES;
				GCC_WARN_ABOUT_RETURN_TYPE = YES_ERROR;
				GCC_WARN_UNDECLARED_SELECTOR = YES;
				GCC_WARN_UNINITIALIZED_AUTOS = YES_AGGRESSIVE;
				GCC_WARN_UNUSED_FUNCTION = YES;
				GCC_WARN_UNUSED_VARIABLE = YES;
				IPHONEOS_DEPLOYMENT_TARGET = 9.0;
				MTL_ENABLE_DEBUG_INFO = INCLUDE_SOURCE;
				ONLY_ACTIVE_ARCH = YES;
				SDKROOT = iphoneos;
			};
			name = Debug;
		};
		B67811D820EFD568000C79BB /* Release */ = {
			isa = XCBuildConfiguration;
			buildSettings = {
				ALWAYS_SEARCH_USER_PATHS = NO;
				CLANG_ANALYZER_NONNULL = YES;
				CLANG_ANALYZER_NUMBER_OBJECT_CONVERSION = YES_AGGRESSIVE;
				CLANG_CXX_LANGUAGE_STANDARD = "gnu++14";
				CLANG_CXX_LIBRARY = "libc++";
				CLANG_ENABLE_MODULES = YES;
				CLANG_ENABLE_OBJC_ARC = YES;
				CLANG_ENABLE_OBJC_WEAK = YES;
				CLANG_WARN_BLOCK_CAPTURE_AUTORELEASING = YES;
				CLANG_WARN_BOOL_CONVERSION = YES;
				CLANG_WARN_COMMA = YES;
				CLANG_WARN_CONSTANT_CONVERSION = YES;
				CLANG_WARN_DEPRECATED_OBJC_IMPLEMENTATIONS = YES;
				CLANG_WARN_DIRECT_OBJC_ISA_USAGE = YES_ERROR;
				CLANG_WARN_DOCUMENTATION_COMMENTS = YES;
				CLANG_WARN_EMPTY_BODY = YES;
				CLANG_WARN_ENUM_CONVERSION = YES;
				CLANG_WARN_INFINITE_RECURSION = YES;
				CLANG_WARN_INT_CONVERSION = YES;
				CLANG_WARN_NON_LITERAL_NULL_CONVERSION = YES;
				CLANG_WARN_OBJC_IMPLICIT_RETAIN_SELF = YES;
				CLANG_WARN_OBJC_LITERAL_CONVERSION = YES;
				CLANG_WARN_OBJC_ROOT_CLASS = YES_ERROR;
				CLANG_WARN_RANGE_LOOP_ANALYSIS = YES;
				CLANG_WARN_STRICT_PROTOTYPES = YES;
				CLANG_WARN_SUSPICIOUS_MOVE = YES;
				CLANG_WARN_UNGUARDED_AVAILABILITY = YES_AGGRESSIVE;
				CLANG_WARN_UNREACHABLE_CODE = YES;
				CLANG_WARN__DUPLICATE_METHOD_MATCH = YES;
				CODE_SIGN_IDENTITY = "iPhone Developer";
				COPY_PHASE_STRIP = NO;
				DEBUG_INFORMATION_FORMAT = "dwarf-with-dsym";
				ENABLE_NS_ASSERTIONS = NO;
				ENABLE_STRICT_OBJC_MSGSEND = YES;
				GCC_C_LANGUAGE_STANDARD = gnu11;
				GCC_NO_COMMON_BLOCKS = YES;
				GCC_WARN_64_TO_32_BIT_CONVERSION = YES;
				GCC_WARN_ABOUT_RETURN_TYPE = YES_ERROR;
				GCC_WARN_UNDECLARED_SELECTOR = YES;
				GCC_WARN_UNINITIALIZED_AUTOS = YES_AGGRESSIVE;
				GCC_WARN_UNUSED_FUNCTION = YES;
				GCC_WARN_UNUSED_VARIABLE = YES;
				IPHONEOS_DEPLOYMENT_TARGET = 9.0;
				MTL_ENABLE_DEBUG_INFO = NO;
				SDKROOT = iphoneos;
				VALIDATE_PRODUCT = YES;
			};
			name = Release;
		};
		B67811DA20EFD568000C79BB /* Debug */ = {
			isa = XCBuildConfiguration;
			baseConfigurationReference = 5BDCCDE507D1BC66A6C66E3E /* Pods-ios-objc-fmdb-sqlcipher.debug.xcconfig */;
			buildSettings = {
				ASSETCATALOG_COMPILER_APPICON_NAME = AppIcon;
				CODE_SIGN_STYLE = Automatic;
				DEVELOPMENT_TEAM = B8PR34D6DP;
				INFOPLIST_FILE = "ios-objc-fmdb-sqlcipher/Info.plist";
				IPHONEOS_DEPLOYMENT_TARGET = 9.0;
				LD_RUNPATH_SEARCH_PATHS = (
					"$(inherited)",
					"@executable_path/Frameworks",
				);
				PRODUCT_BUNDLE_IDENTIFIER = "jp.yuoku.ios-objc-fmdb-sqlcipher";
				PRODUCT_NAME = "$(TARGET_NAME)";
				TARGETED_DEVICE_FAMILY = "1,2";
			};
			name = Debug;
		};
		B67811DB20EFD568000C79BB /* Release */ = {
			isa = XCBuildConfiguration;
			baseConfigurationReference = 393061A5CF80247893CB7D00 /* Pods-ios-objc-fmdb-sqlcipher.release.xcconfig */;
			buildSettings = {
				ASSETCATALOG_COMPILER_APPICON_NAME = AppIcon;
				CODE_SIGN_STYLE = Automatic;
				DEVELOPMENT_TEAM = B8PR34D6DP;
				INFOPLIST_FILE = "ios-objc-fmdb-sqlcipher/Info.plist";
				IPHONEOS_DEPLOYMENT_TARGET = 9.0;
				LD_RUNPATH_SEARCH_PATHS = (
					"$(inherited)",
					"@executable_path/Frameworks",
				);
				PRODUCT_BUNDLE_IDENTIFIER = "jp.yuoku.ios-objc-fmdb-sqlcipher";
				PRODUCT_NAME = "$(TARGET_NAME)";
				TARGETED_DEVICE_FAMILY = "1,2";
			};
			name = Release;
		};
		B67811DD20EFD568000C79BB /* Debug */ = {
			isa = XCBuildConfiguration;
			baseConfigurationReference = E67438424DA05FBE054B9B72 /* Pods-ios-objc-fmdb-sqlcipherTests.debug.xcconfig */;
			buildSettings = {
				BUNDLE_LOADER = "$(TEST_HOST)";
				CODE_SIGN_STYLE = Automatic;
				DEVELOPMENT_TEAM = B8PR34D6DP;
				INFOPLIST_FILE = "ios-objc-fmdb-sqlcipherTests/Info.plist";
				LD_RUNPATH_SEARCH_PATHS = (
					"$(inherited)",
					"@executable_path/Frameworks",
					"@loader_path/Frameworks",
				);
				PRODUCT_BUNDLE_IDENTIFIER = "jp.yuoku.ios-objc-fmdb-sqlcipherTests";
				PRODUCT_NAME = "$(TARGET_NAME)";
				TARGETED_DEVICE_FAMILY = "1,2";
				TEST_HOST = "$(BUILT_PRODUCTS_DIR)/ios-objc-fmdb-sqlcipher.app/ios-objc-fmdb-sqlcipher";
			};
			name = Debug;
		};
		B67811DE20EFD568000C79BB /* Release */ = {
			isa = XCBuildConfiguration;
			baseConfigurationReference = 307128D73E56B01035C91FE6 /* Pods-ios-objc-fmdb-sqlcipherTests.release.xcconfig */;
			buildSettings = {
				BUNDLE_LOADER = "$(TEST_HOST)";
				CODE_SIGN_STYLE = Automatic;
				DEVELOPMENT_TEAM = B8PR34D6DP;
				INFOPLIST_FILE = "ios-objc-fmdb-sqlcipherTests/Info.plist";
				LD_RUNPATH_SEARCH_PATHS = (
					"$(inherited)",
					"@executable_path/Frameworks",
					"@loader_path/Frameworks",
				);
				PRODUCT_BUNDLE_IDENTIFIER = "jp.yuoku.ios-objc-fmdb-sqlcipherTests";
				PRODUCT_NAME = "$(TARGET_NAME)";
				TARGETED_DEVICE_FAMILY = "1,2";
				TEST_HOST = "$(BUILT_PRODUCTS_DIR)/ios-objc-fmdb-sqlcipher.app/ios-objc-fmdb-sqlcipher";
			};
			name = Release;
		};
		B67811E020EFD568000C79BB /* Debug */ = {
			isa = XCBuildConfiguration;
			baseConfigurationReference = 1EEE30DA86C4C798FD9173DF /* Pods-ios-objc-fmdb-sqlcipherUITests.debug.xcconfig */;
			buildSettings = {
				CODE_SIGN_STYLE = Automatic;
				DEVELOPMENT_TEAM = B8PR34D6DP;
				INFOPLIST_FILE = "ios-objc-fmdb-sqlcipherUITests/Info.plist";
				LD_RUNPATH_SEARCH_PATHS = (
					"$(inherited)",
					"@executable_path/Frameworks",
					"@loader_path/Frameworks",
				);
				PRODUCT_BUNDLE_IDENTIFIER = "jp.yuoku.ios-objc-fmdb-sqlcipherUITests";
				PRODUCT_NAME = "$(TARGET_NAME)";
				TARGETED_DEVICE_FAMILY = "1,2";
				TEST_TARGET_NAME = "ios-objc-fmdb-sqlcipher";
			};
			name = Debug;
		};
		B67811E120EFD568000C79BB /* Release */ = {
			isa = XCBuildConfiguration;
			baseConfigurationReference = 9C78E3C6F883F45F493117AA /* Pods-ios-objc-fmdb-sqlcipherUITests.release.xcconfig */;
			buildSettings = {
				CODE_SIGN_STYLE = Automatic;
				DEVELOPMENT_TEAM = B8PR34D6DP;
				INFOPLIST_FILE = "ios-objc-fmdb-sqlcipherUITests/Info.plist";
				LD_RUNPATH_SEARCH_PATHS = (
					"$(inherited)",
					"@executable_path/Frameworks",
					"@loader_path/Frameworks",
				);
				PRODUCT_BUNDLE_IDENTIFIER = "jp.yuoku.ios-objc-fmdb-sqlcipherUITests";
				PRODUCT_NAME = "$(TARGET_NAME)";
				TARGETED_DEVICE_FAMILY = "1,2";
				TEST_TARGET_NAME = "ios-objc-fmdb-sqlcipher";
			};
			name = Release;
		};
/* End XCBuildConfiguration section */

/* Begin XCConfigurationList section */
		B67811A820EFD567000C79BB /* Build configuration list for PBXProject "ios-objc-fmdb-sqlcipher" */ = {
			isa = XCConfigurationList;
			buildConfigurations = (
				B67811D720EFD568000C79BB /* Debug */,
				B67811D820EFD568000C79BB /* Release */,
			);
			defaultConfigurationIsVisible = 0;
			defaultConfigurationName = Release;
		};
		B67811D920EFD568000C79BB /* Build configuration list for PBXNativeTarget "ios-objc-fmdb-sqlcipher" */ = {
			isa = XCConfigurationList;
			buildConfigurations = (
				B67811DA20EFD568000C79BB /* Debug */,
				B67811DB20EFD568000C79BB /* Release */,
			);
			defaultConfigurationIsVisible = 0;
			defaultConfigurationName = Release;
		};
		B67811DC20EFD568000C79BB /* Build configuration list for PBXNativeTarget "ios-objc-fmdb-sqlcipherTests" */ = {
			isa = XCConfigurationList;
			buildConfigurations = (
				B67811DD20EFD568000C79BB /* Debug */,
				B67811DE20EFD568000C79BB /* Release */,
			);
			defaultConfigurationIsVisible = 0;
			defaultConfigurationName = Release;
		};
		B67811DF20EFD568000C79BB /* Build configuration list for PBXNativeTarget "ios-objc-fmdb-sqlcipherUITests" */ = {
			isa = XCConfigurationList;
			buildConfigurations = (
				B67811E020EFD568000C79BB /* Debug */,
				B67811E120EFD568000C79BB /* Release */,
			);
			defaultConfigurationIsVisible = 0;
			defaultConfigurationName = Release;
		};
/* End XCConfigurationList section */
	};
	rootObject = B67811A520EFD567000C79BB /* Project object */;
}
